
Microsoft Visual Studio Solution File, Format Version 12.00
# Visual Studio Version 17
VisualStudioVersion = 17.3.32811.315
MinimumVisualStudioVersion = 10.0.40219.1
Project("{FAE04EC0-301F-11D3-BF4B-00C04F79EFBC}") = "feedback predictive system", "feedback predictive system\feedback predictive system.csproj", "{45CE6528-9A80-4A0A-A08C-8667B6416451}"
EndProject
Global
	GlobalSection(SolutionConfigurationPlatforms) = preSolution
		Debug|Any CPU = Debug|Any CPU
		Release|Any CPU = Release|Any CPU
	EndGlobalSection
	GlobalSection(ProjectConfigurationPlatforms) = postSolution
		{45CE6528-9A80-4A0A-A08C-8667B6416451}.Debug|Any CPU.ActiveCfg = Debug|Any CPU
		{45CE6528-9A80-4A0A-A08C-8667B6416451}.Debug|Any CPU.Build.0 = Debug|Any CPU
		{45CE6528-9A80-4A0A-A08C-8667B6416451}.Release|Any CPU.ActiveCfg = Release|Any CPU
		{45CE6528-9A80-4A0A-A08C-8667B6416451}.Release|Any CPU.Build.0 = Release|Any CPU
	EndGlobalSection
	GlobalSection(SolutionProperties) = preSolution
		HideSolutionNode = FALSE
	EndGlobalSection
	GlobalSection(ExtensibilityGlobals) = postSolution
		SolutionGuid = {484EE678-3A94-4BCB-86E8-FC05C66BE402}
	EndGlobalSection
EndGlobal
